
Microsoft Visual Studio Solution File, Format Version 12.00
# Visual Studio Version 17
VisualStudioVersion = 17.0.32112.339
MinimumVisualStudioVersion = 10.0.40219.1
Project("{F184B08F-C81C-45F6-A57F-5ABD9991F28F}") = "Neural Net Explorations 3", "Neural Net Explorations 3\Neural Net Explorations 3.vbproj", "{0F8D521D-C476-4E6E-AB41-18AD51A9031D}"
EndProject
Global
	GlobalSection(SolutionConfigurationPlatforms) = preSolution
		Debug|Any CPU = Debug|Any CPU
		Release|Any CPU = Release|Any CPU
	EndGlobalSection
	GlobalSection(ProjectConfigurationPlatforms) = postSolution
		{0F8D521D-C476-4E6E-AB41-18AD51A9031D}.Debug|Any CPU.ActiveCfg = Debug|Any CPU
		{0F8D521D-C476-4E6E-AB41-18AD51A9031D}.Debug|Any CPU.Build.0 = Debug|Any CPU
		{0F8D521D-C476-4E6E-AB41-18AD51A9031D}.Release|Any CPU.ActiveCfg = Release|Any CPU
		{0F8D521D-C476-4E6E-AB41-18AD51A9031D}.Release|Any CPU.Build.0 = Release|Any CPU
	EndGlobalSection
	GlobalSection(SolutionProperties) = preSolution
		HideSolutionNode = FALSE
	EndGlobalSection
	GlobalSection(ExtensibilityGlobals) = postSolution
		SolutionGuid = {3412D6A9-B6EE-4ED3-8F36-A843E7E48210}
	EndGlobalSection
EndGlobal
